
Microsoft Visual Studio Solution File, Format Version 12.00
# Visual Studio Version 17
VisualStudioVersion = 17.11.35208.52
MinimumVisualStudioVersion = 10.0.40219.1
Project("{FAE04EC0-301F-11D3-BF4B-00C04F79EFBC}") = "HRManagementSystem", "HRManagementSystem\HRManagementSystem.csproj", "{256AE898-0D16-4156-9E06-46FF2AEA86F6}"
EndProject
Global
	GlobalSection(SolutionConfigurationPlatforms) = preSolution
		Debug|Any CPU = Debug|Any CPU
		Release|Any CPU = Release|Any CPU
	EndGlobalSection
	GlobalSection(ProjectConfigurationPlatforms) = postSolution
		{256AE898-0D16-4156-9E06-46FF2AEA86F6}.Debug|Any CPU.ActiveCfg = Debug|Any CPU
		{256AE898-0D16-4156-9E06-46FF2AEA86F6}.Debug|Any CPU.Build.0 = Debug|Any CPU
		{256AE898-0D16-4156-9E06-46FF2AEA86F6}.Release|Any CPU.ActiveCfg = Release|Any CPU
		{256AE898-0D16-4156-9E06-46FF2AEA86F6}.Release|Any CPU.Build.0 = Release|Any CPU
	EndGlobalSection
	GlobalSection(SolutionProperties) = preSolution
		HideSolutionNode = FALSE
	EndGlobalSection
	GlobalSection(ExtensibilityGlobals) = postSolution
		SolutionGuid = {BCE4735B-58A9-4B09-B8EE-D7F82F94C4E3}
	EndGlobalSection
EndGlobal
