Microsoft Visual Studio Solution File, Format Version 12.00
# Visual Studio Version 17
VisualStudioVersion = 17.5.2.0
MinimumVisualStudioVersion = 10.0.40219.1
Project("{FAE04EC0-301F-11D3-BF4B-00C04F79EFBC}") = "HRManagementSystem", "HRManagementSystem\HRManagementSystem.csproj", "{AC6B5A30-E45C-5550-2E93-60BB69E39408}"
EndProject
Global
	GlobalSection(SolutionConfigurationPlatforms) = preSolution
		Debug|Any CPU = Debug|Any CPU
		Release|Any CPU = Release|Any CPU
	EndGlobalSection
	GlobalSection(ProjectConfigurationPlatforms) = postSolution
		{AC6B5A30-E45C-5550-2E93-60BB69E39408}.Debug|Any CPU.ActiveCfg = Debug|Any CPU
		{AC6B5A30-E45C-5550-2E93-60BB69E39408}.Debug|Any CPU.Build.0 = Debug|Any CPU
		{AC6B5A30-E45C-5550-2E93-60BB69E39408}.Release|Any CPU.ActiveCfg = Release|Any CPU
		{AC6B5A30-E45C-5550-2E93-60BB69E39408}.Release|Any CPU.Build.0 = Release|Any CPU
	EndGlobalSection
	GlobalSection(SolutionProperties) = preSolution
		HideSolutionNode = FALSE
	EndGlobalSection
	GlobalSection(ExtensibilityGlobals) = postSolution
		SolutionGuid = {408DC4F0-059A-40C1-A1DE-05082FA928AA}
	EndGlobalSection
EndGlobal
